
Microsoft Visual Studio Solution File, Format Version 12.00
# Visual Studio Version 17
VisualStudioVersion = 17.5.33502.453
MinimumVisualStudioVersion = 10.0.40219.1
Project("{8BC9CEB8-8B4A-11D0-8D11-00A0C91BC942}") = "多台案例", "多台案例\多台案例.vcxproj", "{8FEB334A-8C50-4523-9F8F-AC0672781F5D}"
EndProject
Project("{8BC9CEB8-8B4A-11D0-8D11-00A0C91BC942}") = "组装电脑", "组装电脑\组装电脑.vcxproj", "{29C4688A-4F53-4EF2-A16A-195081F81E38}"
EndProject
Project("{8BC9CEB8-8B4A-11D0-8D11-00A0C91BC942}") = "智能指针类", "智能指针类\智能指针类.vcxproj", "{82114D13-6C0B-45CF-A0EB-F4A18027FD1A}"
EndProject
Global
	GlobalSection(SolutionConfigurationPlatforms) = preSolution
		Debug|x64 = Debug|x64
		Debug|x86 = Debug|x86
		Release|x64 = Release|x64
		Release|x86 = Release|x86
	EndGlobalSection
	GlobalSection(ProjectConfigurationPlatforms) = postSolution
		{8FEB334A-8C50-4523-9F8F-AC0672781F5D}.Debug|x64.ActiveCfg = Debug|x64
		{8FEB334A-8C50-4523-9F8F-AC0672781F5D}.Debug|x64.Build.0 = Debug|x64
		{8FEB334A-8C50-4523-9F8F-AC0672781F5D}.Debug|x86.ActiveCfg = Debug|Win32
		{8FEB334A-8C50-4523-9F8F-AC0672781F5D}.Debug|x86.Build.0 = Debug|Win32
		{8FEB334A-8C50-4523-9F8F-AC0672781F5D}.Release|x64.ActiveCfg = Release|x64
		{8FEB334A-8C50-4523-9F8F-AC0672781F5D}.Release|x64.Build.0 = Release|x64
		{8FEB334A-8C50-4523-9F8F-AC0672781F5D}.Release|x86.ActiveCfg = Release|Win32
		{8FEB334A-8C50-4523-9F8F-AC0672781F5D}.Release|x86.Build.0 = Release|Win32
		{29C4688A-4F53-4EF2-A16A-195081F81E38}.Debug|x64.ActiveCfg = Debug|x64
		{29C4688A-4F53-4EF2-A16A-195081F81E38}.Debug|x64.Build.0 = Debug|x64
		{29C4688A-4F53-4EF2-A16A-195081F81E38}.Debug|x86.ActiveCfg = Debug|Win32
		{29C4688A-4F53-4EF2-A16A-195081F81E38}.Debug|x86.Build.0 = Debug|Win32
		{29C4688A-4F53-4EF2-A16A-195081F81E38}.Release|x64.ActiveCfg = Release|x64
		{29C4688A-4F53-4EF2-A16A-195081F81E38}.Release|x64.Build.0 = Release|x64
		{29C4688A-4F53-4EF2-A16A-195081F81E38}.Release|x86.ActiveCfg = Release|Win32
		{29C4688A-4F53-4EF2-A16A-195081F81E38}.Release|x86.Build.0 = Release|Win32
		{82114D13-6C0B-45CF-A0EB-F4A18027FD1A}.Debug|x64.ActiveCfg = Debug|x64
		{82114D13-6C0B-45CF-A0EB-F4A18027FD1A}.Debug|x64.Build.0 = Debug|x64
		{82114D13-6C0B-45CF-A0EB-F4A18027FD1A}.Debug|x86.ActiveCfg = Debug|Win32
		{82114D13-6C0B-45CF-A0EB-F4A18027FD1A}.Debug|x86.Build.0 = Debug|Win32
		{82114D13-6C0B-45CF-A0EB-F4A18027FD1A}.Release|x64.ActiveCfg = Release|x64
		{82114D13-6C0B-45CF-A0EB-F4A18027FD1A}.Release|x64.Build.0 = Release|x64
		{82114D13-6C0B-45CF-A0EB-F4A18027FD1A}.Release|x86.ActiveCfg = Release|Win32
		{82114D13-6C0B-45CF-A0EB-F4A18027FD1A}.Release|x86.Build.0 = Release|Win32
	EndGlobalSection
	GlobalSection(SolutionProperties) = preSolution
		HideSolutionNode = FALSE
	EndGlobalSection
	GlobalSection(ExtensibilityGlobals) = postSolution
		SolutionGuid = {F070E476-0C46-42A5-BECA-68D664CCA64E}
	EndGlobalSection
EndGlobal
