
Microsoft Visual Studio Solution File, Format Version 12.00
# Visual Studio Version 17
VisualStudioVersion = 17.5.33502.453
MinimumVisualStudioVersion = 10.0.40219.1
Project("{8BC9CEB8-8B4A-11D0-8D11-00A0C91BC942}") = "easy图形库", "easy图形库\easy图形库.vcxproj", "{FCD0357B-7A3D-455F-8E8B-B8D4C0F9A9A2}"
EndProject
Project("{8BC9CEB8-8B4A-11D0-8D11-00A0C91BC942}") = "图形库学习day02", "图形库学习day02\图形库学习day02.vcxproj", "{A055A4B5-4F69-4AF0-B53A-BBAF61A4BDCF}"
EndProject
Project("{8BC9CEB8-8B4A-11D0-8D11-00A0C91BC942}") = "c++中的字符串", "c++中的字符串\c++中的字符串.vcxproj", "{371EED38-24C5-4C4D-B90F-497775A0F26D}"
EndProject
Project("{8BC9CEB8-8B4A-11D0-8D11-00A0C91BC942}") = "碰撞模型", "碰撞模型\碰撞模型.vcxproj", "{B21917AC-3D39-402B-A791-26B6568ADE86}"
EndProject
Project("{8BC9CEB8-8B4A-11D0-8D11-00A0C91BC942}") = "打砖块", "打砖块\打砖块.vcxproj", "{9DF21A26-8B39-454C-890F-E8DD2F5A462B}"
EndProject
Global
	GlobalSection(SolutionConfigurationPlatforms) = preSolution
		Debug|x64 = Debug|x64
		Debug|x86 = Debug|x86
		Release|x64 = Release|x64
		Release|x86 = Release|x86
	EndGlobalSection
	GlobalSection(ProjectConfigurationPlatforms) = postSolution
		{FCD0357B-7A3D-455F-8E8B-B8D4C0F9A9A2}.Debug|x64.ActiveCfg = Debug|x64
		{FCD0357B-7A3D-455F-8E8B-B8D4C0F9A9A2}.Debug|x64.Build.0 = Debug|x64
		{FCD0357B-7A3D-455F-8E8B-B8D4C0F9A9A2}.Debug|x86.ActiveCfg = Debug|Win32
		{FCD0357B-7A3D-455F-8E8B-B8D4C0F9A9A2}.Debug|x86.Build.0 = Debug|Win32
		{FCD0357B-7A3D-455F-8E8B-B8D4C0F9A9A2}.Release|x64.ActiveCfg = Release|x64
		{FCD0357B-7A3D-455F-8E8B-B8D4C0F9A9A2}.Release|x64.Build.0 = Release|x64
		{FCD0357B-7A3D-455F-8E8B-B8D4C0F9A9A2}.Release|x86.ActiveCfg = Release|Win32
		{FCD0357B-7A3D-455F-8E8B-B8D4C0F9A9A2}.Release|x86.Build.0 = Release|Win32
		{A055A4B5-4F69-4AF0-B53A-BBAF61A4BDCF}.Debug|x64.ActiveCfg = Debug|x64
		{A055A4B5-4F69-4AF0-B53A-BBAF61A4BDCF}.Debug|x64.Build.0 = Debug|x64
		{A055A4B5-4F69-4AF0-B53A-BBAF61A4BDCF}.Debug|x86.ActiveCfg = Debug|Win32
		{A055A4B5-4F69-4AF0-B53A-BBAF61A4BDCF}.Debug|x86.Build.0 = Debug|Win32
		{A055A4B5-4F69-4AF0-B53A-BBAF61A4BDCF}.Release|x64.ActiveCfg = Release|x64
		{A055A4B5-4F69-4AF0-B53A-BBAF61A4BDCF}.Release|x64.Build.0 = Release|x64
		{A055A4B5-4F69-4AF0-B53A-BBAF61A4BDCF}.Release|x86.ActiveCfg = Release|Win32
		{A055A4B5-4F69-4AF0-B53A-BBAF61A4BDCF}.Release|x86.Build.0 = Release|Win32
		{371EED38-24C5-4C4D-B90F-497775A0F26D}.Debug|x64.ActiveCfg = Debug|x64
		{371EED38-24C5-4C4D-B90F-497775A0F26D}.Debug|x64.Build.0 = Debug|x64
		{371EED38-24C5-4C4D-B90F-497775A0F26D}.Debug|x86.ActiveCfg = Debug|Win32
		{371EED38-24C5-4C4D-B90F-497775A0F26D}.Debug|x86.Build.0 = Debug|Win32
		{371EED38-24C5-4C4D-B90F-497775A0F26D}.Release|x64.ActiveCfg = Release|x64
		{371EED38-24C5-4C4D-B90F-497775A0F26D}.Release|x64.Build.0 = Release|x64
		{371EED38-24C5-4C4D-B90F-497775A0F26D}.Release|x86.ActiveCfg = Release|Win32
		{371EED38-24C5-4C4D-B90F-497775A0F26D}.Release|x86.Build.0 = Release|Win32
		{B21917AC-3D39-402B-A791-26B6568ADE86}.Debug|x64.ActiveCfg = Debug|x64
		{B21917AC-3D39-402B-A791-26B6568ADE86}.Debug|x64.Build.0 = Debug|x64
		{B21917AC-3D39-402B-A791-26B6568ADE86}.Debug|x86.ActiveCfg = Debug|Win32
		{B21917AC-3D39-402B-A791-26B6568ADE86}.Debug|x86.Build.0 = Debug|Win32
		{B21917AC-3D39-402B-A791-26B6568ADE86}.Release|x64.ActiveCfg = Release|x64
		{B21917AC-3D39-402B-A791-26B6568ADE86}.Release|x64.Build.0 = Release|x64
		{B21917AC-3D39-402B-A791-26B6568ADE86}.Release|x86.ActiveCfg = Release|Win32
		{B21917AC-3D39-402B-A791-26B6568ADE86}.Release|x86.Build.0 = Release|Win32
		{9DF21A26-8B39-454C-890F-E8DD2F5A462B}.Debug|x64.ActiveCfg = Debug|x64
		{9DF21A26-8B39-454C-890F-E8DD2F5A462B}.Debug|x64.Build.0 = Debug|x64
		{9DF21A26-8B39-454C-890F-E8DD2F5A462B}.Debug|x86.ActiveCfg = Debug|Win32
		{9DF21A26-8B39-454C-890F-E8DD2F5A462B}.Debug|x86.Build.0 = Debug|Win32
		{9DF21A26-8B39-454C-890F-E8DD2F5A462B}.Release|x64.ActiveCfg = Release|x64
		{9DF21A26-8B39-454C-890F-E8DD2F5A462B}.Release|x64.Build.0 = Release|x64
		{9DF21A26-8B39-454C-890F-E8DD2F5A462B}.Release|x86.ActiveCfg = Release|Win32
		{9DF21A26-8B39-454C-890F-E8DD2F5A462B}.Release|x86.Build.0 = Release|Win32
	EndGlobalSection
	GlobalSection(SolutionProperties) = preSolution
		HideSolutionNode = FALSE
	EndGlobalSection
	GlobalSection(ExtensibilityGlobals) = postSolution
		SolutionGuid = {3DA4BB0B-1600-4470-A01E-342612E1D360}
	EndGlobalSection
EndGlobal
